// !$*UTF8*$!
{
	archiveVersion = 1;
	classes = {
	};
	objectVersion = 46;
	objects = {

/* Begin PBXBuildFile section */
		1838B2E41B9DB425009939C1 /* main.m in Sources */ = {isa = PBXBuildFile; fileRef = 1838B2E31B9DB425009939C1 /* main.m */; };
		1838B2E71B9DB425009939C1 /* AppDelegate.m in Sources */ = {isa = PBXBuildFile; fileRef = 1838B2E61B9DB425009939C1 /* AppDelegate.m */; };
		1838B2EA1B9DB425009939C1 /* ViewController.m in Sources */ = {isa = PBXBuildFile; fileRef = 1838B2E91B9DB425009939C1 /* ViewController.m */; };
		1838B2ED1B9DB425009939C1 /* Main.storyboard in Resources */ = {isa = PBXBuildFile; fileRef = 1838B2EB1B9DB425009939C1 /* Main.storyboard */; };
		1838B2EF1B9DB426009939C1 /* Images.xcassets in Resources */ = {isa = PBXBuildFile; fileRef = 1838B2EE1B9DB426009939C1 /* Images.xcassets */; };
		1838B2F21B9DB426009939C1 /* LaunchScreen.xib in Resources */ = {isa = PBXBuildFile; fileRef = 1838B2F01B9DB426009939C1 /* LaunchScreen.xib */; };
		1838B2FE1B9DB426009939C1 /* DropDownMenuTests.m in Sources */ = {isa = PBXBuildFile; fileRef = 1838B2FD1B9DB426009939C1 /* DropDownMenuTests.m */; };
		1838B3091B9DB4E9009939C1 /* DropDownMenu.m in Sources */ = {isa = PBXBuildFile; fileRef = 1838B3081B9DB4E9009939C1 /* DropDownMenu.m */; };
/* End PBXBuildFile section */

/* Begin PBXContainerItemProxy section */
		1838B2F81B9DB426009939C1 /* PBXContainerItemProxy */ = {
			isa = PBXContainerItemProxy;
			containerPortal = 1838B2D61B9DB425009939C1 /* Project object */;
			proxyType = 1;
			remoteGlobalIDString = 1838B2DD1B9DB425009939C1;
			remoteInfo = DropDownMenu;
		};
/* End PBXContainerItemProxy section */

/* Begin PBXFileReference section */
		1838B2DE1B9DB425009939C1 /* DropDownMenu.app */ = {isa = PBXFileReference; explicitFileType = wrapper.application; includeInIndex = 0; path = DropDownMenu.app; sourceTree = BUILT_PRODUCTS_DIR; };
		1838B2E21B9DB425009939C1 /* Info.plist */ = {isa = PBXFileReference; lastKnownFileType = text.plist.xml; path = Info.plist; sourceTree = "<group>"; };
		1838B2E31B9DB425009939C1 /* main.m */ = {isa = PBXFileReference; lastKnownFileType = sourcecode.c.objc; path = main.m; sourceTree = "<group>"; };
		1838B2E51B9DB425009939C1 /* AppDelegate.h */ = {isa = PBXFileReference; lastKnownFileType = sourcecode.c.h; path = AppDelegate.h; sourceTree = "<group>"; };
		1838B2E61B9DB425009939C1 /* AppDelegate.m */ = {isa = PBXFileReference; lastKnownFileType = sourcecode.c.objc; path = AppDelegate.m; sourceTree = "<group>"; };
		1838B2E81B9DB425009939C1 /* ViewController.h */ = {isa = PBXFileReference; lastKnownFileType = sourcecode.c.h; path = ViewController.h; sourceTree = "<group>"; };
		1838B2E91B9DB425009939C1 /* ViewController.m */ = {isa = PBXFileReference; lastKnownFileType = sourcecode.c.objc; path = ViewController.m; sourceTree = "<group>"; };
		1838B2EC1B9DB425009939C1 /* Base */ = {isa = PBXFileReference; lastKnownFileType = file.storyboard; name = Base; path = Base.lproj/Main.storyboard; sourceTree = "<group>"; };
		1838B2EE1B9DB426009939C1 /* Images.xcassets */ = {isa = PBXFileReference; lastKnownFileType = folder.assetcatalog; path = Images.xcassets; sourceTree = "<group>"; };
		1838B2F11B9DB426009939C1 /* Base */ = {isa = PBXFileReference; lastKnownFileType = file.xib; name = Base; path = Base.lproj/LaunchScreen.xib; sourceTree = "<group>"; };
		1838B2F71B9DB426009939C1 /* DropDownMenuTests.xctest */ = {isa = PBXFileReference; explicitFileType = wrapper.cfbundle; includeInIndex = 0; path = DropDownMenuTests.xctest; sourceTree = BUILT_PRODUCTS_DIR; };
		1838B2FC1B9DB426009939C1 /* Info.plist */ = {isa = PBXFileReference; lastKnownFileType = text.plist.xml; path = Info.plist; sourceTree = "<group>"; };
		1838B2FD1B9DB426009939C1 /* DropDownMenuTests.m */ = {isa = PBXFileReference; lastKnownFileType = sourcecode.c.objc; path = DropDownMenuTests.m; sourceTree = "<group>"; };
		1838B3071B9DB4E9009939C1 /* DropDownMenu.h */ = {isa = PBXFileReference; fileEncoding = 4; lastKnownFileType = sourcecode.c.h; path = DropDownMenu.h; sourceTree = "<group>"; };
		1838B3081B9DB4E9009939C1 /* DropDownMenu.m */ = {isa = PBXFileReference; fileEncoding = 4; lastKnownFileType = sourcecode.c.objc; path = DropDownMenu.m; sourceTree = "<group>"; };
/* End PBXFileReference section */

/* Begin PBXFrameworksBuildPhase section */
		1838B2DB1B9DB425009939C1 /* Frameworks */ = {
			isa = PBXFrameworksBuildPhase;
			buildActionMask = 2147483647;
			files = (
			);
			runOnlyForDeploymentPostprocessing = 0;
		};
		1838B2F41B9DB426009939C1 /* Frameworks */ = {
			isa = PBXFrameworksBuildPhase;
			buildActionMask = 2147483647;
			files = (
			);
			runOnlyForDeploymentPostprocessing = 0;
		};
/* End PBXFrameworksBuildPhase section */

/* Begin PBXGroup section */
		1838B2D51B9DB425009939C1 = {
			isa = PBXGroup;
			children = (
				1838B2E01B9DB425009939C1 /* DropDownMenu */,
				1838B2FA1B9DB426009939C1 /* DropDownMenuTests */,
				1838B2DF1B9DB425009939C1 /* Products */,
			);
			sourceTree = "<group>";
		};
		1838B2DF1B9DB425009939C1 /* Products */ = {
			isa = PBXGroup;
			children = (
				1838B2DE1B9DB425009939C1 /* DropDownMenu.app */,
				1838B2F71B9DB426009939C1 /* DropDownMenuTests.xctest */,
			);
			name = Products;
			sourceTree = "<group>";
		};
		1838B2E01B9DB425009939C1 /* DropDownMenu */ = {
			isa = PBXGroup;
			children = (
				1838B3071B9DB4E9009939C1 /* DropDownMenu.h */,
				1838B3081B9DB4E9009939C1 /* DropDownMenu.m */,
				1838B2E51B9DB425009939C1 /* AppDelegate.h */,
				1838B2E61B9DB425009939C1 /* AppDelegate.m */,
				1838B2E81B9DB425009939C1 /* ViewController.h */,
				1838B2E91B9DB425009939C1 /* ViewController.m */,
				1838B2EB1B9DB425009939C1 /* Main.storyboard */,
				1838B2EE1B9DB426009939C1 /* Images.xcassets */,
				1838B2F01B9DB426009939C1 /* LaunchScreen.xib */,
				1838B2E11B9DB425009939C1 /* Supporting Files */,
			);
			path = DropDownMenu;
			sourceTree = "<group>";
		};
		1838B2E11B9DB425009939C1 /* Supporting Files */ = {
			isa = PBXGroup;
			children = (
				1838B2E21B9DB425009939C1 /* Info.plist */,
				1838B2E31B9DB425009939C1 /* main.m */,
			);
			name = "Supporting Files";
			sourceTree = "<group>";
		};
		1838B2FA1B9DB426009939C1 /* DropDownMenuTests */ = {
			isa = PBXGroup;
			children = (
				1838B2FD1B9DB426009939C1 /* DropDownMenuTests.m */,
				1838B2FB1B9DB426009939C1 /* Supporting Files */,
			);
			path = DropDownMenuTests;
			sourceTree = "<group>";
		};
		1838B2FB1B9DB426009939C1 /* Supporting Files */ = {
			isa = PBXGroup;
			children = (
				1838B2FC1B9DB426009939C1 /* Info.plist */,
			);
			name = "Supporting Files";
			sourceTree = "<group>";
		};
/* End PBXGroup section */

/* Begin PBXNativeTarget section */
		1838B2DD1B9DB425009939C1 /* DropDownMenu */ = {
			isa = PBXNativeTarget;
			buildConfigurationList = 1838B3011B9DB426009939C1 /* Build configuration list for PBXNativeTarget "DropDownMenu" */;
			buildPhases = (
				1838B2DA1B9DB425009939C1 /* Sources */,
				1838B2DB1B9DB425009939C1 /* Frameworks */,
				1838B2DC1B9DB425009939C1 /* Resources */,
			);
			buildRules = (
			);
			dependencies = (
			);
			name = DropDownMenu;
			productName = DropDownMenu;
			productReference = 1838B2DE1B9DB425009939C1 /* DropDownMenu.app */;
			productType = "com.apple.product-type.application";
		};
		1838B2F61B9DB426009939C1 /* DropDownMenuTests */ = {
			isa = PBXNativeTarget;
			buildConfigurationList = 1838B3041B9DB426009939C1 /* Build configuration list for PBXNativeTarget "DropDownMenuTests" */;
			buildPhases = (
				1838B2F31B9DB426009939C1 /* Sources */,
				1838B2F41B9DB426009939C1 /* Frameworks */,
				1838B2F51B9DB426009939C1 /* Resources */,
			);
			buildRules = (
			);
			dependencies = (
				1838B2F91B9DB426009939C1 /* PBXTargetDependency */,
			);
			name = DropDownMenuTests;
			productName = DropDownMenuTests;
			productReference = 1838B2F71B9DB426009939C1 /* DropDownMenuTests.xctest */;
			productType = "com.apple.product-type.bundle.unit-test";
		};
/* End PBXNativeTarget section */

/* Begin PBXProject section */
		1838B2D61B9DB425009939C1 /* Project object */ = {
			isa = PBXProject;
			attributes = {
				LastUpgradeCheck = 0640;
				ORGANIZATIONNAME = rahul;
				TargetAttributes = {
					1838B2DD1B9DB425009939C1 = {
						CreatedOnToolsVersion = 6.4;
					};
					1838B2F61B9DB426009939C1 = {
						CreatedOnToolsVersion = 6.4;
						TestTargetID = 1838B2DD1B9DB425009939C1;
					};
				};
			};
			buildConfigurationList = 1838B2D91B9DB425009939C1 /* Build configuration list for PBXProject "DropDownMenu" */;
			compatibilityVersion = "Xcode 3.2";
			developmentRegion = English;
			hasScannedForEncodings = 0;
			knownRegions = (
				en,
				Base,
			);
			mainGroup = 1838B2D51B9DB425009939C1;
			productRefGroup = 1838B2DF1B9DB425009939C1 /* Products */;
			projectDirPath = "";
			projectRoot = "";
			targets = (
				1838B2DD1B9DB425009939C1 /* DropDownMenu */,
				1838B2F61B9DB426009939C1 /* DropDownMenuTests */,
			);
		};
/* End PBXProject section */

/* Begin PBXResourcesBuildPhase section */
		1838B2DC1B9DB425009939C1 /* Resources */ = {
			isa = PBXResourcesBuildPhase;
			buildActionMask = 2147483647;
			files = (
				1838B2ED1B9DB425009939C1 /* Main.storyboard in Resources */,
				1838B2F21B9DB426009939C1 /* LaunchScreen.xib in Resources */,
				1838B2EF1B9DB426009939C1 /* Images.xcassets in Resources */,
			);
			runOnlyForDeploymentPostprocessing = 0;
		};
		1838B2F51B9DB426009939C1 /* Resources */ = {
			isa = PBXResourcesBuildPhase;
			buildActionMask = 2147483647;
			files = (
			);
			runOnlyForDeploymentPostprocessing = 0;
		};
/* End PBXResourcesBuildPhase section */

/* Begin PBXSourcesBuildPhase section */
		1838B2DA1B9DB425009939C1 /* Sources */ = {
			isa = PBXSourcesBuildPhase;
			buildActionMask = 2147483647;
			files = (
				1838B2EA1B9DB425009939C1 /* ViewController.m in Sources */,
				1838B2E71B9DB425009939C1 /* AppDelegate.m in Sources */,
				1838B2E41B9DB425009939C1 /* main.m in Sources */,
				1838B3091B9DB4E9009939C1 /* DropDownMenu.m in Sources */,
			);
			runOnlyForDeploymentPostprocessing = 0;
		};
		1838B2F31B9DB426009939C1 /* Sources */ = {
			isa = PBXSourcesBuildPhase;
			buildActionMask = 2147483647;
			files = (
				1838B2FE1B9DB426009939C1 /* DropDownMenuTests.m in Sources */,
			);
			runOnlyForDeploymentPostprocessing = 0;
		};
/* End PBXSourcesBuildPhase section */

/* Begin PBXTargetDependency section */
		1838B2F91B9DB426009939C1 /* PBXTargetDependency */ = {
			isa = PBXTargetDependency;
			target = 1838B2DD1B9DB425009939C1 /* DropDownMenu */;
			targetProxy = 1838B2F81B9DB426009939C1 /* PBXContainerItemProxy */;
		};
/* End PBXTargetDependency section */

/* Begin PBXVariantGroup section */
		1838B2EB1B9DB425009939C1 /* Main.storyboard */ = {
			isa = PBXVariantGroup;
			children = (
				1838B2EC1B9DB425009939C1 /* Base */,
			);
			name = Main.storyboard;
			sourceTree = "<group>";
		};
		1838B2F01B9DB426009939C1 /* LaunchScreen.xib */ = {
			isa = PBXVariantGroup;
			children = (
				1838B2F11B9DB426009939C1 /* Base */,
			);
			name = LaunchScreen.xib;
			sourceTree = "<group>";
		};
/* End PBXVariantGroup section */

/* Begin XCBuildConfiguration section */
		1838B2FF1B9DB426009939C1 /* Debug */ = {
			isa = XCBuildConfiguration;
			buildSettings = {
				ALWAYS_SEARCH_USER_PATHS = NO;
				CLANG_CXX_LANGUAGE_STANDARD = "gnu++0x";
				CLANG_CXX_LIBRARY = "libc++";
				CLANG_ENABLE_MODULES = YES;
				CLANG_ENABLE_OBJC_ARC = YES;
				CLANG_WARN_BOOL_CONVERSION = YES;
				CLANG_WARN_CONSTANT_CONVERSION = YES;
				CLANG_WARN_DIRECT_OBJC_ISA_USAGE = YES_ERROR;
				CLANG_WARN_EMPTY_BODY = YES;
				CLANG_WARN_ENUM_CONVERSION = YES;
				CLANG_WARN_INT_CONVERSION = YES;
				CLANG_WARN_OBJC_ROOT_CLASS = YES_ERROR;
				CLANG_WARN_UNREACHABLE_CODE = YES;
				CLANG_WARN__DUPLICATE_METHOD_MATCH = YES;
				"CODE_SIGN_IDENTITY[sdk=iphoneos*]" = "iPhone Developer";
				COPY_PHASE_STRIP = NO;
				DEBUG_INFORMATION_FORMAT = "dwarf-with-dsym";
				ENABLE_STRICT_OBJC_MSGSEND = YES;
				GCC_C_LANGUAGE_STANDARD = gnu99;
				GCC_DYNAMIC_NO_PIC = NO;
				GCC_NO_COMMON_BLOCKS = YES;
				GCC_OPTIMIZATION_LEVEL = 0;
				GCC_PREPROCESSOR_DEFINITIONS = (
					"DEBUG=1",
					"$(inherited)",
				);
				GCC_SYMBOLS_PRIVATE_EXTERN = NO;
				GCC_WARN_64_TO_32_BIT_CONVERSION = YES;
				GCC_WARN_ABOUT_RETURN_TYPE = YES_ERROR;
				GCC_WARN_UNDECLARED_SELECTOR = YES;
				GCC_WARN_UNINITIALIZED_AUTOS = YES_AGGRESSIVE;
				GCC_WARN_UNUSED_FUNCTION = YES;
				GCC_WARN_UNUSED_VARIABLE = YES;
				IPHONEOS_DEPLOYMENT_TARGET = 8.4;
				MTL_ENABLE_DEBUG_INFO = YES;
				ONLY_ACTIVE_ARCH = YES;
				SDKROOT = iphoneos;
			};
			name = Debug;
		};
		1838B3001B9DB426009939C1 /* Release */ = {
			isa = XCBuildConfiguration;
			buildSettings = {
				ALWAYS_SEARCH_USER_PATHS = NO;
				CLANG_CXX_LANGUAGE_STANDARD = "gnu++0x";
				CLANG_CXX_LIBRARY = "libc++";
				CLANG_ENABLE_MODULES = YES;
				CLANG_ENABLE_OBJC_ARC = YES;
				CLANG_WARN_BOOL_CONVERSION = YES;
				CLANG_WARN_CONSTANT_CONVERSION = YES;
				CLANG_WARN_DIRECT_OBJC_ISA_USAGE = YES_ERROR;
				CLANG_WARN_EMPTY_BODY = YES;
				CLANG_WARN_ENUM_CONVERSION = YES;
				CLANG_WARN_INT_CONVERSION = YES;
				CLANG_WARN_OBJC_ROOT_CLASS = YES_ERROR;
				CLANG_WARN_UNREACHABLE_CODE = YES;
				CLANG_WARN__DUPLICATE_METHOD_MATCH = YES;
				"CODE_SIGN_IDENTITY[sdk=iphoneos*]" = "iPhone Developer";
				COPY_PHASE_STRIP = NO;
				DEBUG_INFORMATION_FORMAT = "dwarf-with-dsym";
				ENABLE_NS_ASSERTIONS = NO;
				ENABLE_STRICT_OBJC_MSGSEND = YES;
				GCC_C_LANGUAGE_STANDARD = gnu99;
				GCC_NO_COMMON_BLOCKS = YES;
				GCC_WARN_64_TO_32_BIT_CONVERSION = YES;
				GCC_WARN_ABOUT_RETURN_TYPE = YES_ERROR;
				GCC_WARN_UNDECLARED_SELECTOR = YES;
				GCC_WARN_UNINITIALIZED_AUTOS = YES_AGGRESSIVE;
				GCC_WARN_UNUSED_FUNCTION = YES;
				GCC_WARN_UNUSED_VARIABLE = YES;
				IPHONEOS_DEPLOYMENT_TARGET = 8.4;
				MTL_ENABLE_DEBUG_INFO = NO;
				SDKROOT = iphoneos;
				VALIDATE_PRODUCT = YES;
			};
			name = Release;
		};
		1838B3021B9DB426009939C1 /* Debug */ = {
			isa = XCBuildConfiguration;
			buildSettings = {
				ASSETCATALOG_COMPILER_APPICON_NAME = AppIcon;
				INFOPLIST_FILE = DropDownMenu/Info.plist;
				LD_RUNPATH_SEARCH_PATHS = "$(inherited) @executable_path/Frameworks";
				PRODUCT_NAME = "$(TARGET_NAME)";
			};
			name = Debug;
		};
		1838B3031B9DB426009939C1 /* Release */ = {
			isa = XCBuildConfiguration;
			buildSettings = {
				ASSETCATALOG_COMPILER_APPICON_NAME = AppIcon;
				INFOPLIST_FILE = DropDownMenu/Info.plist;
				LD_RUNPATH_SEARCH_PATHS = "$(inherited) @executable_path/Frameworks";
				PRODUCT_NAME = "$(TARGET_NAME)";
			};
			name = Release;
		};
		1838B3051B9DB426009939C1 /* Debug */ = {
			isa = XCBuildConfiguration;
			buildSettings = {
				BUNDLE_LOADER = "$(TEST_HOST)";
				FRAMEWORK_SEARCH_PATHS = (
					"$(SDKROOT)/Developer/Library/Frameworks",
					"$(inherited)",
				);
				GCC_PREPROCESSOR_DEFINITIONS = (
					"DEBUG=1",
					"$(inherited)",
				);
				INFOPLIST_FILE = DropDownMenuTests/Info.plist;
				LD_RUNPATH_SEARCH_PATHS = "$(inherited) @executable_path/Frameworks @loader_path/Frameworks";
				PRODUCT_NAME = "$(TARGET_NAME)";
				TEST_HOST = "$(BUILT_PRODUCTS_DIR)/DropDownMenu.app/DropDownMenu";
			};
			name = Debug;
		};
		1838B3061B9DB426009939C1 /* Release */ = {
			isa = XCBuildConfiguration;
			buildSettings = {
				BUNDLE_LOADER = "$(TEST_HOST)";
				FRAMEWORK_SEARCH_PATHS = (
					"$(SDKROOT)/Developer/Library/Frameworks",
					"$(inherited)",
				);
				INFOPLIST_FILE = DropDownMenuTests/Info.plist;
				LD_RUNPATH_SEARCH_PATHS = "$(inherited) @executable_path/Frameworks @loader_path/Frameworks";
				PRODUCT_NAME = "$(TARGET_NAME)";
				TEST_HOST = "$(BUILT_PRODUCTS_DIR)/DropDownMenu.app/DropDownMenu";
			};
			name = Release;
		};
/* End XCBuildConfiguration section */

/* Begin XCConfigurationList section */
		1838B2D91B9DB425009939C1 /* Build configuration list for PBXProject "DropDownMenu" */ = {
			isa = XCConfigurationList;
			buildConfigurations = (
				1838B2FF1B9DB426009939C1 /* Debug */,
				1838B3001B9DB426009939C1 /* Release */,
			);
			defaultConfigurationIsVisible = 0;
			defaultConfigurationName = Release;
		};
		1838B3011B9DB426009939C1 /* Build configuration list for PBXNativeTarget "DropDownMenu" */ = {
			isa = XCConfigurationList;
			buildConfigurations = (
				1838B3021B9DB426009939C1 /* Debug */,
				1838B3031B9DB426009939C1 /* Release */,
			);
			defaultConfigurationIsVisible = 0;
		};
		1838B3041B9DB426009939C1 /* Build configuration list for PBXNativeTarget "DropDownMenuTests" */ = {
			isa = XCConfigurationList;
			buildConfigurations = (
				1838B3051B9DB426009939C1 /* Debug */,
				1838B3061B9DB426009939C1 /* Release */,
			);
			defaultConfigurationIsVisible = 0;
		};
/* End XCConfigurationList section */
	};
	rootObject = 1838B2D61B9DB425009939C1 /* Project object */;
}
